<Solution>
  <Project Path="PrimeTween.Demo.csproj" />
  <Project Path="Assembly-CSharp-Editor.csproj" />
  <Project Path="Sirenix.OdinInspector.Modules.UnityMathematics.csproj" />
  <Project Path="PrimeTween.Debug.csproj" />
  <Project Path="Assembly-CSharp.csproj" />
  <Project Path="Assembly-CSharp-firstpass.csproj" />
  <Project Path="PrimeTween.Installer.csproj" />
</Solution>
